
Microsoft Visual Studio Solution File, Format Version 12.00
# Visual Studio Version 17
VisualStudioVersion = 17.9.34616.47
MinimumVisualStudioVersion = 10.0.40219.1
Project("{FAE04EC0-301F-11D3-BF4B-00C04F79EFBC}") = "juego", "juego\juego.csproj", "{F3319E1A-4418-4C71-B4F0-D9100C27AA33}"
EndProject
Global
	GlobalSection(SolutionConfigurationPlatforms) = preSolution
		Debug|Any CPU = Debug|Any CPU
		Release|Any CPU = Release|Any CPU
	EndGlobalSection
	GlobalSection(ProjectConfigurationPlatforms) = postSolution
		{F3319E1A-4418-4C71-B4F0-D9100C27AA33}.Debug|Any CPU.ActiveCfg = Debug|Any CPU
		{F3319E1A-4418-4C71-B4F0-D9100C27AA33}.Debug|Any CPU.Build.0 = Debug|Any CPU
		{F3319E1A-4418-4C71-B4F0-D9100C27AA33}.Release|Any CPU.ActiveCfg = Release|Any CPU
		{F3319E1A-4418-4C71-B4F0-D9100C27AA33}.Release|Any CPU.Build.0 = Release|Any CPU
	EndGlobalSection
	GlobalSection(SolutionProperties) = preSolution
		HideSolutionNode = FALSE
	EndGlobalSection
	GlobalSection(ExtensibilityGlobals) = postSolution
		SolutionGuid = {2072B5B9-BDB9-41FE-B42C-432AC24CCCB2}
	EndGlobalSection
EndGlobal
